
Microsoft Visual Studio Solution File, Format Version 12.00
# Visual Studio Version 17
VisualStudioVersion = 17.7.34003.232
MinimumVisualStudioVersion = 10.0.40219.1
Project("{9A19103F-16F7-4668-BE54-9A1E7A4F7556}") = "OpenWolfPack", "OpenWolfPack\OpenWolfPack.csproj", "{B4D3A73B-E5AA-4980-BA4C-1A589FE0DDC0}"
	ProjectSection(ProjectDependencies) = postProject
		{3F63A8BA-9F07-4624-A478-E82D0CCFEFC2} = {3F63A8BA-9F07-4624-A478-E82D0CCFEFC2}
		{6DD15E08-B883-46BC-A442-592A04B12F77} = {6DD15E08-B883-46BC-A442-592A04B12F77}
		{C43DBB8C-1633-4657-AF09-9EDF26A3E319} = {C43DBB8C-1633-4657-AF09-9EDF26A3E319}
		{E9AEB564-66AE-4FAD-80BE-9083935B8590} = {E9AEB564-66AE-4FAD-80BE-9083935B8590}
	EndProjectSection
EndProject
Project("{9A19103F-16F7-4668-BE54-9A1E7A4F7556}") = "ReadFileAPI", "ReadFileAPI\ReadFileAPI.csproj", "{3F63A8BA-9F07-4624-A478-E82D0CCFEFC2}"
EndProject
Project("{9A19103F-16F7-4668-BE54-9A1E7A4F7556}") = "FetchUrlAPI", "FetchUrlAPI\FetchUrlAPI.csproj", "{C43DBB8C-1633-4657-AF09-9EDF26A3E319}"
EndProject
Project("{9A19103F-16F7-4668-BE54-9A1E7A4F7556}") = "HolidayCalendarAPI", "HolidayCalendarAPI\HolidayCalendarAPI.csproj", "{E9AEB564-66AE-4FAD-80BE-9083935B8590}"
EndProject
Project("{9A19103F-16F7-4668-BE54-9A1E7A4F7556}") = "PythonInterpreterAPI", "PythonInterpreterAPI\PythonInterpreterAPI.csproj", "{6DD15E08-B883-46BC-A442-592A04B12F77}"
EndProject
Global
	GlobalSection(SolutionConfigurationPlatforms) = preSolution
		Debug|Any CPU = Debug|Any CPU
		Release|Any CPU = Release|Any CPU
	EndGlobalSection
	GlobalSection(ProjectConfigurationPlatforms) = postSolution
		{B4D3A73B-E5AA-4980-BA4C-1A589FE0DDC0}.Debug|Any CPU.ActiveCfg = Debug|Any CPU
		{B4D3A73B-E5AA-4980-BA4C-1A589FE0DDC0}.Debug|Any CPU.Build.0 = Debug|Any CPU
		{B4D3A73B-E5AA-4980-BA4C-1A589FE0DDC0}.Release|Any CPU.ActiveCfg = Release|Any CPU
		{B4D3A73B-E5AA-4980-BA4C-1A589FE0DDC0}.Release|Any CPU.Build.0 = Release|Any CPU
		{3F63A8BA-9F07-4624-A478-E82D0CCFEFC2}.Debug|Any CPU.ActiveCfg = Debug|Any CPU
		{3F63A8BA-9F07-4624-A478-E82D0CCFEFC2}.Debug|Any CPU.Build.0 = Debug|Any CPU
		{3F63A8BA-9F07-4624-A478-E82D0CCFEFC2}.Release|Any CPU.ActiveCfg = Release|Any CPU
		{3F63A8BA-9F07-4624-A478-E82D0CCFEFC2}.Release|Any CPU.Build.0 = Release|Any CPU
		{C43DBB8C-1633-4657-AF09-9EDF26A3E319}.Debug|Any CPU.ActiveCfg = Debug|Any CPU
		{C43DBB8C-1633-4657-AF09-9EDF26A3E319}.Debug|Any CPU.Build.0 = Debug|Any CPU
		{C43DBB8C-1633-4657-AF09-9EDF26A3E319}.Release|Any CPU.ActiveCfg = Release|Any CPU
		{C43DBB8C-1633-4657-AF09-9EDF26A3E319}.Release|Any CPU.Build.0 = Release|Any CPU
		{E9AEB564-66AE-4FAD-80BE-9083935B8590}.Debug|Any CPU.ActiveCfg = Debug|Any CPU
		{E9AEB564-66AE-4FAD-80BE-9083935B8590}.Debug|Any CPU.Build.0 = Debug|Any CPU
		{E9AEB564-66AE-4FAD-80BE-9083935B8590}.Release|Any CPU.ActiveCfg = Release|Any CPU
		{E9AEB564-66AE-4FAD-80BE-9083935B8590}.Release|Any CPU.Build.0 = Release|Any CPU
		{6DD15E08-B883-46BC-A442-592A04B12F77}.Debug|Any CPU.ActiveCfg = Debug|Any CPU
		{6DD15E08-B883-46BC-A442-592A04B12F77}.Debug|Any CPU.Build.0 = Debug|Any CPU
		{6DD15E08-B883-46BC-A442-592A04B12F77}.Release|Any CPU.ActiveCfg = Release|Any CPU
		{6DD15E08-B883-46BC-A442-592A04B12F77}.Release|Any CPU.Build.0 = Release|Any CPU
	EndGlobalSection
	GlobalSection(SolutionProperties) = preSolution
		HideSolutionNode = FALSE
	EndGlobalSection
	GlobalSection(ExtensibilityGlobals) = postSolution
		SolutionGuid = {81F99114-6215-4FC0-84E3-FB4450E4D648}
	EndGlobalSection
EndGlobal
